
Microsoft Visual Studio Solution File, Format Version 12.00
# Visual Studio 15
VisualStudioVersion = 15.0.28010.2019
MinimumVisualStudioVersion = 10.0.40219.1
Project("{FAE04EC0-301F-11D3-BF4B-00C04F79EFBC}") = "Tes.Android", "Tes\Tes.Android\Tes.Android.csproj", "{8E0994D9-0D40-4AE0-8E19-6B8CEC90214A}"
EndProject
Project("{FAE04EC0-301F-11D3-BF4B-00C04F79EFBC}") = "Tes.iOS", "Tes\Tes.iOS\Tes.iOS.csproj", "{1EBC227D-4B41-4A4F-BC59-0FA3B45AE3AC}"
EndProject
Project("{FAE04EC0-301F-11D3-BF4B-00C04F79EFBC}") = "Tes", "Tes\Tes\Tes.csproj", "{A70F6A4C-9547-4D38-84E3-1876958FBB74}"
EndProject
Global
	GlobalSection(SolutionConfigurationPlatforms) = preSolution
		Ad-Hoc|Any CPU = Ad-Hoc|Any CPU
		Ad-Hoc|iPhone = Ad-Hoc|iPhone
		Ad-Hoc|iPhoneSimulator = Ad-Hoc|iPhoneSimulator
		AppStore|Any CPU = AppStore|Any CPU
		AppStore|iPhone = AppStore|iPhone
		AppStore|iPhoneSimulator = AppStore|iPhoneSimulator
		Debug|Any CPU = Debug|Any CPU
		Debug|iPhone = Debug|iPhone
		Debug|iPhoneSimulator = Debug|iPhoneSimulator
		Release|Any CPU = Release|Any CPU
		Release|iPhone = Release|iPhone
		Release|iPhoneSimulator = Release|iPhoneSimulator
	EndGlobalSection
	GlobalSection(ProjectConfigurationPlatforms) = postSolution
		{8E0994D9-0D40-4AE0-8E19-6B8CEC90214A}.Ad-Hoc|Any CPU.ActiveCfg = Release|Any CPU
		{8E0994D9-0D40-4AE0-8E19-6B8CEC90214A}.Ad-Hoc|Any CPU.Build.0 = Release|Any CPU
		{8E0994D9-0D40-4AE0-8E19-6B8CEC90214A}.Ad-Hoc|Any CPU.Deploy.0 = Release|Any CPU
		{8E0994D9-0D40-4AE0-8E19-6B8CEC90214A}.Ad-Hoc|iPhone.ActiveCfg = Release|Any CPU
		{8E0994D9-0D40-4AE0-8E19-6B8CEC90214A}.Ad-Hoc|iPhone.Build.0 = Release|Any CPU
		{8E0994D9-0D40-4AE0-8E19-6B8CEC90214A}.Ad-Hoc|iPhone.Deploy.0 = Release|Any CPU
		{8E0994D9-0D40-4AE0-8E19-6B8CEC90214A}.Ad-Hoc|iPhoneSimulator.ActiveCfg = Release|Any CPU
		{8E0994D9-0D40-4AE0-8E19-6B8CEC90214A}.Ad-Hoc|iPhoneSimulator.Build.0 = Release|Any CPU
		{8E0994D9-0D40-4AE0-8E19-6B8CEC90214A}.Ad-Hoc|iPhoneSimulator.Deploy.0 = Release|Any CPU
		{8E0994D9-0D40-4AE0-8E19-6B8CEC90214A}.AppStore|Any CPU.ActiveCfg = Release|Any CPU
		{8E0994D9-0D40-4AE0-8E19-6B8CEC90214A}.AppStore|Any CPU.Build.0 = Release|Any CPU
		{8E0994D9-0D40-4AE0-8E19-6B8CEC90214A}.AppStore|Any CPU.Deploy.0 = Release|Any CPU
		{8E0994D9-0D40-4AE0-8E19-6B8CEC90214A}.AppStore|iPhone.ActiveCfg = Release|Any CPU
		{8E0994D9-0D40-4AE0-8E19-6B8CEC90214A}.AppStore|iPhone.Build.0 = Release|Any CPU
		{8E0994D9-0D40-4AE0-8E19-6B8CEC90214A}.AppStore|iPhone.Deploy.0 = Release|Any CPU
		{8E0994D9-0D40-4AE0-8E19-6B8CEC90214A}.AppStore|iPhoneSimulator.ActiveCfg = Release|Any CPU
		{8E0994D9-0D40-4AE0-8E19-6B8CEC90214A}.AppStore|iPhoneSimulator.Build.0 = Release|Any CPU
		{8E0994D9-0D40-4AE0-8E19-6B8CEC90214A}.AppStore|iPhoneSimulator.Deploy.0 = Release|Any CPU
		{8E0994D9-0D40-4AE0-8E19-6B8CEC90214A}.Debug|Any CPU.ActiveCfg = Debug|Any CPU
		{8E0994D9-0D40-4AE0-8E19-6B8CEC90214A}.Debug|Any CPU.Build.0 = Debug|Any CPU
		{8E0994D9-0D40-4AE0-8E19-6B8CEC90214A}.Debug|Any CPU.Deploy.0 = Debug|Any CPU
		{8E0994D9-0D40-4AE0-8E19-6B8CEC90214A}.Debug|iPhone.ActiveCfg = Debug|Any CPU
		{8E0994D9-0D40-4AE0-8E19-6B8CEC90214A}.Debug|iPhone.Build.0 = Debug|Any CPU
		{8E0994D9-0D40-4AE0-8E19-6B8CEC90214A}.Debug|iPhone.Deploy.0 = Debug|Any CPU
		{8E0994D9-0D40-4AE0-8E19-6B8CEC90214A}.Debug|iPhoneSimulator.ActiveCfg = Debug|Any CPU
		{8E0994D9-0D40-4AE0-8E19-6B8CEC90214A}.Debug|iPhoneSimulator.Build.0 = Debug|Any CPU
		{8E0994D9-0D40-4AE0-8E19-6B8CEC90214A}.Debug|iPhoneSimulator.Deploy.0 = Debug|Any CPU
		{8E0994D9-0D40-4AE0-8E19-6B8CEC90214A}.Release|Any CPU.ActiveCfg = Release|Any CPU
		{8E0994D9-0D40-4AE0-8E19-6B8CEC90214A}.Release|Any CPU.Build.0 = Release|Any CPU
		{8E0994D9-0D40-4AE0-8E19-6B8CEC90214A}.Release|Any CPU.Deploy.0 = Release|Any CPU
		{8E0994D9-0D40-4AE0-8E19-6B8CEC90214A}.Release|iPhone.ActiveCfg = Release|Any CPU
		{8E0994D9-0D40-4AE0-8E19-6B8CEC90214A}.Release|iPhone.Build.0 = Release|Any CPU
		{8E0994D9-0D40-4AE0-8E19-6B8CEC90214A}.Release|iPhone.Deploy.0 = Release|Any CPU
		{8E0994D9-0D40-4AE0-8E19-6B8CEC90214A}.Release|iPhoneSimulator.ActiveCfg = Release|Any CPU
		{8E0994D9-0D40-4AE0-8E19-6B8CEC90214A}.Release|iPhoneSimulator.Build.0 = Release|Any CPU
		{8E0994D9-0D40-4AE0-8E19-6B8CEC90214A}.Release|iPhoneSimulator.Deploy.0 = Release|Any CPU
		{1EBC227D-4B41-4A4F-BC59-0FA3B45AE3AC}.Ad-Hoc|Any CPU.ActiveCfg = Ad-Hoc|iPhone
		{1EBC227D-4B41-4A4F-BC59-0FA3B45AE3AC}.Ad-Hoc|Any CPU.Build.0 = Ad-Hoc|iPhone
		{1EBC227D-4B41-4A4F-BC59-0FA3B45AE3AC}.Ad-Hoc|Any CPU.Deploy.0 = Ad-Hoc|iPhone
		{1EBC227D-4B41-4A4F-BC59-0FA3B45AE3AC}.Ad-Hoc|iPhone.ActiveCfg = Ad-Hoc|iPhone
		{1EBC227D-4B41-4A4F-BC59-0FA3B45AE3AC}.Ad-Hoc|iPhone.Build.0 = Ad-Hoc|iPhone
		{1EBC227D-4B41-4A4F-BC59-0FA3B45AE3AC}.Ad-Hoc|iPhone.Deploy.0 = Ad-Hoc|iPhone
		{1EBC227D-4B41-4A4F-BC59-0FA3B45AE3AC}.Ad-Hoc|iPhoneSimulator.ActiveCfg = Ad-Hoc|iPhoneSimulator
		{1EBC227D-4B41-4A4F-BC59-0FA3B45AE3AC}.Ad-Hoc|iPhoneSimulator.Build.0 = Ad-Hoc|iPhoneSimulator
		{1EBC227D-4B41-4A4F-BC59-0FA3B45AE3AC}.Ad-Hoc|iPhoneSimulator.Deploy.0 = Ad-Hoc|iPhoneSimulator
		{1EBC227D-4B41-4A4F-BC59-0FA3B45AE3AC}.AppStore|Any CPU.ActiveCfg = AppStore|iPhone
		{1EBC227D-4B41-4A4F-BC59-0FA3B45AE3AC}.AppStore|Any CPU.Build.0 = AppStore|iPhone
		{1EBC227D-4B41-4A4F-BC59-0FA3B45AE3AC}.AppStore|Any CPU.Deploy.0 = AppStore|iPhone
		{1EBC227D-4B41-4A4F-BC59-0FA3B45AE3AC}.AppStore|iPhone.ActiveCfg = AppStore|iPhone
		{1EBC227D-4B41-4A4F-BC59-0FA3B45AE3AC}.AppStore|iPhone.Build.0 = AppStore|iPhone
		{1EBC227D-4B41-4A4F-BC59-0FA3B45AE3AC}.AppStore|iPhone.Deploy.0 = AppStore|iPhone
		{1EBC227D-4B41-4A4F-BC59-0FA3B45AE3AC}.AppStore|iPhoneSimulator.ActiveCfg = AppStore|iPhoneSimulator
		{1EBC227D-4B41-4A4F-BC59-0FA3B45AE3AC}.AppStore|iPhoneSimulator.Build.0 = AppStore|iPhoneSimulator
		{1EBC227D-4B41-4A4F-BC59-0FA3B45AE3AC}.AppStore|iPhoneSimulator.Deploy.0 = AppStore|iPhoneSimulator
		{1EBC227D-4B41-4A4F-BC59-0FA3B45AE3AC}.Debug|Any CPU.ActiveCfg = Debug|iPhoneSimulator
		{1EBC227D-4B41-4A4F-BC59-0FA3B45AE3AC}.Debug|Any CPU.Build.0 = Debug|iPhoneSimulator
		{1EBC227D-4B41-4A4F-BC59-0FA3B45AE3AC}.Debug|Any CPU.Deploy.0 = Debug|iPhoneSimulator
		{1EBC227D-4B41-4A4F-BC59-0FA3B45AE3AC}.Debug|iPhone.ActiveCfg = Debug|iPhone
		{1EBC227D-4B41-4A4F-BC59-0FA3B45AE3AC}.Debug|iPhone.Build.0 = Debug|iPhone
		{1EBC227D-4B41-4A4F-BC59-0FA3B45AE3AC}.Debug|iPhone.Deploy.0 = Debug|iPhone
		{1EBC227D-4B41-4A4F-BC59-0FA3B45AE3AC}.Debug|iPhoneSimulator.ActiveCfg = Debug|iPhoneSimulator
		{1EBC227D-4B41-4A4F-BC59-0FA3B45AE3AC}.Debug|iPhoneSimulator.Build.0 = Debug|iPhoneSimulator
		{1EBC227D-4B41-4A4F-BC59-0FA3B45AE3AC}.Debug|iPhoneSimulator.Deploy.0 = Debug|iPhoneSimulator
		{1EBC227D-4B41-4A4F-BC59-0FA3B45AE3AC}.Release|Any CPU.ActiveCfg = Release|iPhone
		{1EBC227D-4B41-4A4F-BC59-0FA3B45AE3AC}.Release|Any CPU.Build.0 = Release|iPhone
		{1EBC227D-4B41-4A4F-BC59-0FA3B45AE3AC}.Release|Any CPU.Deploy.0 = Release|iPhone
		{1EBC227D-4B41-4A4F-BC59-0FA3B45AE3AC}.Release|iPhone.ActiveCfg = Release|iPhone
		{1EBC227D-4B41-4A4F-BC59-0FA3B45AE3AC}.Release|iPhone.Build.0 = Release|iPhone
		{1EBC227D-4B41-4A4F-BC59-0FA3B45AE3AC}.Release|iPhone.Deploy.0 = Release|iPhone
		{1EBC227D-4B41-4A4F-BC59-0FA3B45AE3AC}.Release|iPhoneSimulator.ActiveCfg = Release|iPhoneSimulator
		{1EBC227D-4B41-4A4F-BC59-0FA3B45AE3AC}.Release|iPhoneSimulator.Build.0 = Release|iPhoneSimulator
		{1EBC227D-4B41-4A4F-BC59-0FA3B45AE3AC}.Release|iPhoneSimulator.Deploy.0 = Release|iPhoneSimulator
		{A70F6A4C-9547-4D38-84E3-1876958FBB74}.Ad-Hoc|Any CPU.ActiveCfg = Debug|Any CPU
		{A70F6A4C-9547-4D38-84E3-1876958FBB74}.Ad-Hoc|Any CPU.Build.0 = Debug|Any CPU
		{A70F6A4C-9547-4D38-84E3-1876958FBB74}.Ad-Hoc|Any CPU.Deploy.0 = Debug|Any CPU
		{A70F6A4C-9547-4D38-84E3-1876958FBB74}.Ad-Hoc|iPhone.ActiveCfg = Debug|Any CPU
		{A70F6A4C-9547-4D38-84E3-1876958FBB74}.Ad-Hoc|iPhone.Build.0 = Debug|Any CPU
		{A70F6A4C-9547-4D38-84E3-1876958FBB74}.Ad-Hoc|iPhone.Deploy.0 = Debug|Any CPU
		{A70F6A4C-9547-4D38-84E3-1876958FBB74}.Ad-Hoc|iPhoneSimulator.ActiveCfg = Debug|Any CPU
		{A70F6A4C-9547-4D38-84E3-1876958FBB74}.Ad-Hoc|iPhoneSimulator.Build.0 = Debug|Any CPU
		{A70F6A4C-9547-4D38-84E3-1876958FBB74}.Ad-Hoc|iPhoneSimulator.Deploy.0 = Debug|Any CPU
		{A70F6A4C-9547-4D38-84E3-1876958FBB74}.AppStore|Any CPU.ActiveCfg = Debug|Any CPU
		{A70F6A4C-9547-4D38-84E3-1876958FBB74}.AppStore|Any CPU.Build.0 = Debug|Any CPU
		{A70F6A4C-9547-4D38-84E3-1876958FBB74}.AppStore|Any CPU.Deploy.0 = Debug|Any CPU
		{A70F6A4C-9547-4D38-84E3-1876958FBB74}.AppStore|iPhone.ActiveCfg = Debug|Any CPU
		{A70F6A4C-9547-4D38-84E3-1876958FBB74}.AppStore|iPhone.Build.0 = Debug|Any CPU
		{A70F6A4C-9547-4D38-84E3-1876958FBB74}.AppStore|iPhone.Deploy.0 = Debug|Any CPU
		{A70F6A4C-9547-4D38-84E3-1876958FBB74}.AppStore|iPhoneSimulator.ActiveCfg = Debug|Any CPU
		{A70F6A4C-9547-4D38-84E3-1876958FBB74}.AppStore|iPhoneSimulator.Build.0 = Debug|Any CPU
		{A70F6A4C-9547-4D38-84E3-1876958FBB74}.AppStore|iPhoneSimulator.Deploy.0 = Debug|Any CPU
		{A70F6A4C-9547-4D38-84E3-1876958FBB74}.Debug|Any CPU.ActiveCfg = Debug|Any CPU
		{A70F6A4C-9547-4D38-84E3-1876958FBB74}.Debug|Any CPU.Build.0 = Debug|Any CPU
		{A70F6A4C-9547-4D38-84E3-1876958FBB74}.Debug|Any CPU.Deploy.0 = Debug|Any CPU
		{A70F6A4C-9547-4D38-84E3-1876958FBB74}.Debug|iPhone.ActiveCfg = Debug|Any CPU
		{A70F6A4C-9547-4D38-84E3-1876958FBB74}.Debug|iPhone.Build.0 = Debug|Any CPU
		{A70F6A4C-9547-4D38-84E3-1876958FBB74}.Debug|iPhone.Deploy.0 = Debug|Any CPU
		{A70F6A4C-9547-4D38-84E3-1876958FBB74}.Debug|iPhoneSimulator.ActiveCfg = Debug|Any CPU
		{A70F6A4C-9547-4D38-84E3-1876958FBB74}.Debug|iPhoneSimulator.Build.0 = Debug|Any CPU
		{A70F6A4C-9547-4D38-84E3-1876958FBB74}.Debug|iPhoneSimulator.Deploy.0 = Debug|Any CPU
		{A70F6A4C-9547-4D38-84E3-1876958FBB74}.Release|Any CPU.ActiveCfg = Release|Any CPU
		{A70F6A4C-9547-4D38-84E3-1876958FBB74}.Release|Any CPU.Build.0 = Release|Any CPU
		{A70F6A4C-9547-4D38-84E3-1876958FBB74}.Release|Any CPU.Deploy.0 = Release|Any CPU
		{A70F6A4C-9547-4D38-84E3-1876958FBB74}.Release|iPhone.ActiveCfg = Release|Any CPU
		{A70F6A4C-9547-4D38-84E3-1876958FBB74}.Release|iPhone.Build.0 = Release|Any CPU
		{A70F6A4C-9547-4D38-84E3-1876958FBB74}.Release|iPhone.Deploy.0 = Release|Any CPU
		{A70F6A4C-9547-4D38-84E3-1876958FBB74}.Release|iPhoneSimulator.ActiveCfg = Release|Any CPU
		{A70F6A4C-9547-4D38-84E3-1876958FBB74}.Release|iPhoneSimulator.Build.0 = Release|Any CPU
		{A70F6A4C-9547-4D38-84E3-1876958FBB74}.Release|iPhoneSimulator.Deploy.0 = Release|Any CPU
	EndGlobalSection
	GlobalSection(SolutionProperties) = preSolution
		HideSolutionNode = FALSE
	EndGlobalSection
	GlobalSection(ExtensibilityGlobals) = postSolution
		SolutionGuid = {E7413AA2-9467-4E68-AFD2-75EE806D91C1}
	EndGlobalSection
EndGlobal
